# This file is automatically @generated by Cargo.
# It is not intended for manual editing.
[[package]]
name = "aho-corasick"
version = "0.6.4"
source = "registry+https://github.com/rust-lang/crates.io-index"
dependencies = [
 "memchr 2.0.1 (registry+https://github.com/rust-lang/crates.io-index)",
]

[[package]]
name = "ansi_term"
version = "0.11.0"
source = "registry+https://github.com/rust-lang/crates.io-index"
dependencies = [
 "winapi 0.3.4 (registry+https://github.com/rust-lang/crates.io-index)",
]

[[package]]
name = "atk"
version = "0.8.0"
source = "registry+https://github.com/rust-lang/crates.io-index"
dependencies = [
 "atk-sys 0.9.1 (registry+https://github.com/rust-lang/crates.io-index)",
 "bitflags 1.0.1 (registry+https://github.com/rust-lang/crates.io-index)",
 "glib 0.9.3 (registry+https://github.com/rust-lang/crates.io-index)",
 "glib-sys 0.9.1 (registry+https://github.com/rust-lang/crates.io-index)",
 "gobject-sys 0.9.1 (registry+https://github.com/rust-lang/crates.io-index)",
 "libc 0.2.40 (registry+https://github.com/rust-lang/crates.io-index)",
]

[[package]]
name = "atk-sys"
version = "0.9.1"
source = "registry+https://github.com/rust-lang/crates.io-index"
dependencies = [
 "glib-sys 0.9.1 (registry+https://github.com/rust-lang/crates.io-index)",
 "gobject-sys 0.9.1 (registry+https://github.com/rust-lang/crates.io-index)",
 "libc 0.2.40 (registry+https://github.com/rust-lang/crates.io-index)",
 "pkg-config 0.3.9 (registry+https://github.com/rust-lang/crates.io-index)",
]

[[package]]
name = "atty"
version = "0.2.8"
source = "registry+https://github.com/rust-lang/crates.io-index"
dependencies = [
 "libc 0.2.40 (registry+https://github.com/rust-lang/crates.io-index)",
 "termion 1.5.1 (registry+https://github.com/rust-lang/crates.io-index)",
 "winapi 0.3.4 (registry+https://github.com/rust-lang/crates.io-index)",
]

[[package]]
name = "bitflags"
version = "1.0.1"
source = "registry+https://github.com/rust-lang/crates.io-index"

[[package]]
name = "block-buffer"
version = "0.7.3"
source = "registry+https://github.com/rust-lang/crates.io-index"
dependencies = [
 "block-padding 0.1.5 (registry+https://github.com/rust-lang/crates.io-index)",
 "byte-tools 0.3.1 (registry+https://github.com/rust-lang/crates.io-index)",
 "byteorder 1.3.4 (registry+https://github.com/rust-lang/crates.io-index)",
 "generic-array 0.12.3 (registry+https://github.com/rust-lang/crates.io-index)",
]

[[package]]
name = "block-padding"
version = "0.1.5"
source = "registry+https://github.com/rust-lang/crates.io-index"
dependencies = [
 "byte-tools 0.3.1 (registry+https://github.com/rust-lang/crates.io-index)",
]

[[package]]
name = "byte-tools"
version = "0.3.1"
source = "registry+https://github.com/rust-lang/crates.io-index"

[[package]]
name = "byteorder"
version = "1.3.4"
source = "registry+https://github.com/rust-lang/crates.io-index"

[[package]]
name = "cairo-rs"
version = "0.8.1"
source = "registry+https://github.com/rust-lang/crates.io-index"
dependencies = [
 "bitflags 1.0.1 (registry+https://github.com/rust-lang/crates.io-index)",
 "cairo-sys-rs 0.9.2 (registry+https://github.com/rust-lang/crates.io-index)",
 "glib 0.9.3 (registry+https://github.com/rust-lang/crates.io-index)",
 "glib-sys 0.9.1 (registry+https://github.com/rust-lang/crates.io-index)",
 "gobject-sys 0.9.1 (registry+https://github.com/rust-lang/crates.io-index)",
 "libc 0.2.40 (registry+https://github.com/rust-lang/crates.io-index)",
]

[[package]]
name = "cairo-sys-rs"
version = "0.9.2"
source = "registry+https://github.com/rust-lang/crates.io-index"
dependencies = [
 "glib-sys 0.9.1 (registry+https://github.com/rust-lang/crates.io-index)",
 "libc 0.2.40 (registry+https://github.com/rust-lang/crates.io-index)",
 "pkg-config 0.3.9 (registry+https://github.com/rust-lang/crates.io-index)",
]

[[package]]
name = "cc"
version = "1.0.50"
source = "registry+https://github.com/rust-lang/crates.io-index"

[[package]]
name = "clap"
version = "2.33.0"
source = "registry+https://github.com/rust-lang/crates.io-index"
dependencies = [
 "ansi_term 0.11.0 (registry+https://github.com/rust-lang/crates.io-index)",
 "atty 0.2.8 (registry+https://github.com/rust-lang/crates.io-index)",
 "bitflags 1.0.1 (registry+https://github.com/rust-lang/crates.io-index)",
 "strsim 0.8.0 (registry+https://github.com/rust-lang/crates.io-index)",
 "textwrap 0.11.0 (registry+https://github.com/rust-lang/crates.io-index)",
 "unicode-width 0.1.4 (registry+https://github.com/rust-lang/crates.io-index)",
 "vec_map 0.8.0 (registry+https://github.com/rust-lang/crates.io-index)",
]

[[package]]
name = "comrak"
version = "0.7.0"
source = "registry+https://github.com/rust-lang/crates.io-index"
dependencies = [
 "clap 2.33.0 (registry+https://github.com/rust-lang/crates.io-index)",
 "entities 1.0.1 (registry+https://github.com/rust-lang/crates.io-index)",
 "lazy_static 1.4.0 (registry+https://github.com/rust-lang/crates.io-index)",
 "pest 2.1.3 (registry+https://github.com/rust-lang/crates.io-index)",
 "pest_derive 2.1.0 (registry+https://github.com/rust-lang/crates.io-index)",
 "regex 1.0.3 (registry+https://github.com/rust-lang/crates.io-index)",
 "twoway 0.2.1 (registry+https://github.com/rust-lang/crates.io-index)",
 "typed-arena 1.7.0 (registry+https://github.com/rust-lang/crates.io-index)",
 "unicode_categories 0.1.1 (registry+https://github.com/rust-lang/crates.io-index)",
]

[[package]]
name = "digest"
version = "0.8.1"
source = "registry+https://github.com/rust-lang/crates.io-index"
dependencies = [
 "generic-array 0.12.3 (registry+https://github.com/rust-lang/crates.io-index)",
]

[[package]]
name = "entities"
version = "1.0.1"
source = "registry+https://github.com/rust-lang/crates.io-index"

[[package]]
name = "fake-simd"
version = "0.1.2"
source = "registry+https://github.com/rust-lang/crates.io-index"

[[package]]
name = "fragile"
version = "0.3.0"
source = "registry+https://github.com/rust-lang/crates.io-index"

[[package]]
name = "futures-channel"
version = "0.3.4"
source = "registry+https://github.com/rust-lang/crates.io-index"
dependencies = [
 "futures-core 0.3.4 (registry+https://github.com/rust-lang/crates.io-index)",
]

[[package]]
name = "futures-core"
version = "0.3.4"
source = "registry+https://github.com/rust-lang/crates.io-index"

[[package]]
name = "futures-executor"
version = "0.3.4"
source = "registry+https://github.com/rust-lang/crates.io-index"
dependencies = [
 "futures-core 0.3.4 (registry+https://github.com/rust-lang/crates.io-index)",
 "futures-task 0.3.4 (registry+https://github.com/rust-lang/crates.io-index)",
 "futures-util 0.3.4 (registry+https://github.com/rust-lang/crates.io-index)",
]

[[package]]
name = "futures-io"
version = "0.3.4"
source = "registry+https://github.com/rust-lang/crates.io-index"

[[package]]
name = "futures-macro"
version = "0.3.4"
source = "registry+https://github.com/rust-lang/crates.io-index"
dependencies = [
 "proc-macro-hack 0.5.15 (registry+https://github.com/rust-lang/crates.io-index)",
 "proc-macro2 1.0.10 (registry+https://github.com/rust-lang/crates.io-index)",
 "quote 1.0.3 (registry+https://github.com/rust-lang/crates.io-index)",
 "syn 1.0.17 (registry+https://github.com/rust-lang/crates.io-index)",
]

[[package]]
name = "futures-task"
version = "0.3.4"
source = "registry+https://github.com/rust-lang/crates.io-index"

[[package]]
name = "futures-util"
version = "0.3.4"
source = "registry+https://github.com/rust-lang/crates.io-index"
dependencies = [
 "futures-core 0.3.4 (registry+https://github.com/rust-lang/crates.io-index)",
 "futures-macro 0.3.4 (registry+https://github.com/rust-lang/crates.io-index)",
 "futures-task 0.3.4 (registry+https://github.com/rust-lang/crates.io-index)",
 "pin-utils 0.1.0-alpha.4 (registry+https://github.com/rust-lang/crates.io-index)",
 "proc-macro-hack 0.5.15 (registry+https://github.com/rust-lang/crates.io-index)",
 "proc-macro-nested 0.1.4 (registry+https://github.com/rust-lang/crates.io-index)",
 "slab 0.4.2 (registry+https://github.com/rust-lang/crates.io-index)",
]

[[package]]
name = "gdk"
version = "0.12.1"
source = "registry+https://github.com/rust-lang/crates.io-index"
dependencies = [
 "bitflags 1.0.1 (registry+https://github.com/rust-lang/crates.io-index)",
 "cairo-rs 0.8.1 (registry+https://github.com/rust-lang/crates.io-index)",
 "cairo-sys-rs 0.9.2 (registry+https://github.com/rust-lang/crates.io-index)",
 "gdk-pixbuf 0.8.0 (registry+https://github.com/rust-lang/crates.io-index)",
 "gdk-sys 0.9.1 (registry+https://github.com/rust-lang/crates.io-index)",
 "gio 0.8.1 (registry+https://github.com/rust-lang/crates.io-index)",
 "gio-sys 0.9.1 (registry+https://github.com/rust-lang/crates.io-index)",
 "glib 0.9.3 (registry+https://github.com/rust-lang/crates.io-index)",
 "glib-sys 0.9.1 (registry+https://github.com/rust-lang/crates.io-index)",
 "gobject-sys 0.9.1 (registry+https://github.com/rust-lang/crates.io-index)",
 "libc 0.2.40 (registry+https://github.com/rust-lang/crates.io-index)",
 "pango 0.8.0 (registry+https://github.com/rust-lang/crates.io-index)",
]

[[package]]
name = "gdk-pixbuf"
version = "0.8.0"
source = "registry+https://github.com/rust-lang/crates.io-index"
dependencies = [
 "gdk-pixbuf-sys 0.9.1 (registry+https://github.com/rust-lang/crates.io-index)",
 "gio 0.8.1 (registry+https://github.com/rust-lang/crates.io-index)",
 "gio-sys 0.9.1 (registry+https://github.com/rust-lang/crates.io-index)",
 "glib 0.9.3 (registry+https://github.com/rust-lang/crates.io-index)",
 "glib-sys 0.9.1 (registry+https://github.com/rust-lang/crates.io-index)",
 "gobject-sys 0.9.1 (registry+https://github.com/rust-lang/crates.io-index)",
 "libc 0.2.40 (registry+https://github.com/rust-lang/crates.io-index)",
]

[[package]]
name = "gdk-pixbuf-sys"
version = "0.9.1"
source = "registry+https://github.com/rust-lang/crates.io-index"
dependencies = [
 "gio-sys 0.9.1 (registry+https://github.com/rust-lang/crates.io-index)",
 "glib-sys 0.9.1 (registry+https://github.com/rust-lang/crates.io-index)",
 "gobject-sys 0.9.1 (registry+https://github.com/rust-lang/crates.io-index)",
 "libc 0.2.40 (registry+https://github.com/rust-lang/crates.io-index)",
 "pkg-config 0.3.9 (registry+https://github.com/rust-lang/crates.io-index)",
]

[[package]]
name = "gdk-sys"
version = "0.9.1"
source = "registry+https://github.com/rust-lang/crates.io-index"
dependencies = [
 "cairo-sys-rs 0.9.2 (registry+https://github.com/rust-lang/crates.io-index)",
 "gdk-pixbuf-sys 0.9.1 (registry+https://github.com/rust-lang/crates.io-index)",
 "gio-sys 0.9.1 (registry+https://github.com/rust-lang/crates.io-index)",
 "glib-sys 0.9.1 (registry+https://github.com/rust-lang/crates.io-index)",
 "gobject-sys 0.9.1 (registry+https://github.com/rust-lang/crates.io-index)",
 "libc 0.2.40 (registry+https://github.com/rust-lang/crates.io-index)",
 "pango-sys 0.9.1 (registry+https://github.com/rust-lang/crates.io-index)",
 "pkg-config 0.3.9 (registry+https://github.com/rust-lang/crates.io-index)",
]

[[package]]
name = "generic-array"
version = "0.12.3"
source = "registry+https://github.com/rust-lang/crates.io-index"
dependencies = [
 "typenum 1.11.2 (registry+https://github.com/rust-lang/crates.io-index)",
]

[[package]]
name = "gio"
version = "0.8.1"
source = "registry+https://github.com/rust-lang/crates.io-index"
dependencies = [
 "bitflags 1.0.1 (registry+https://github.com/rust-lang/crates.io-index)",
 "futures-channel 0.3.4 (registry+https://github.com/rust-lang/crates.io-index)",
 "futures-core 0.3.4 (registry+https://github.com/rust-lang/crates.io-index)",
 "futures-io 0.3.4 (registry+https://github.com/rust-lang/crates.io-index)",
 "futures-util 0.3.4 (registry+https://github.com/rust-lang/crates.io-index)",
 "gio-sys 0.9.1 (registry+https://github.com/rust-lang/crates.io-index)",
 "glib 0.9.3 (registry+https://github.com/rust-lang/crates.io-index)",
 "glib-sys 0.9.1 (registry+https://github.com/rust-lang/crates.io-index)",
 "gobject-sys 0.9.1 (registry+https://github.com/rust-lang/crates.io-index)",
 "lazy_static 1.4.0 (registry+https://github.com/rust-lang/crates.io-index)",
 "libc 0.2.40 (registry+https://github.com/rust-lang/crates.io-index)",
]

[[package]]
name = "gio-sys"
version = "0.9.1"
source = "registry+https://github.com/rust-lang/crates.io-index"
dependencies = [
 "glib-sys 0.9.1 (registry+https://github.com/rust-lang/crates.io-index)",
 "gobject-sys 0.9.1 (registry+https://github.com/rust-lang/crates.io-index)",
 "libc 0.2.40 (registry+https://github.com/rust-lang/crates.io-index)",
 "pkg-config 0.3.9 (registry+https://github.com/rust-lang/crates.io-index)",
]

[[package]]
name = "glib"
version = "0.9.3"
source = "registry+https://github.com/rust-lang/crates.io-index"
dependencies = [
 "bitflags 1.0.1 (registry+https://github.com/rust-lang/crates.io-index)",
 "futures-channel 0.3.4 (registry+https://github.com/rust-lang/crates.io-index)",
 "futures-core 0.3.4 (registry+https://github.com/rust-lang/crates.io-index)",
 "futures-executor 0.3.4 (registry+https://github.com/rust-lang/crates.io-index)",
 "futures-task 0.3.4 (registry+https://github.com/rust-lang/crates.io-index)",
 "futures-util 0.3.4 (registry+https://github.com/rust-lang/crates.io-index)",
 "glib-sys 0.9.1 (registry+https://github.com/rust-lang/crates.io-index)",
 "gobject-sys 0.9.1 (registry+https://github.com/rust-lang/crates.io-index)",
 "lazy_static 1.4.0 (registry+https://github.com/rust-lang/crates.io-index)",
 "libc 0.2.40 (registry+https://github.com/rust-lang/crates.io-index)",
]

[[package]]
name = "glib-sys"
version = "0.9.1"
source = "registry+https://github.com/rust-lang/crates.io-index"
dependencies = [
 "libc 0.2.40 (registry+https://github.com/rust-lang/crates.io-index)",
 "pkg-config 0.3.9 (registry+https://github.com/rust-lang/crates.io-index)",
]

[[package]]
name = "gobject-sys"
version = "0.9.1"
source = "registry+https://github.com/rust-lang/crates.io-index"
dependencies = [
 "glib-sys 0.9.1 (registry+https://github.com/rust-lang/crates.io-index)",
 "libc 0.2.40 (registry+https://github.com/rust-lang/crates.io-index)",
 "pkg-config 0.3.9 (registry+https://github.com/rust-lang/crates.io-index)",
]

[[package]]
name = "gtk"
version = "0.8.1"
source = "registry+https://github.com/rust-lang/crates.io-index"
dependencies = [
 "atk 0.8.0 (registry+https://github.com/rust-lang/crates.io-index)",
 "bitflags 1.0.1 (registry+https://github.com/rust-lang/crates.io-index)",
 "cairo-rs 0.8.1 (registry+https://github.com/rust-lang/crates.io-index)",
 "cairo-sys-rs 0.9.2 (registry+https://github.com/rust-lang/crates.io-index)",
 "cc 1.0.50 (registry+https://github.com/rust-lang/crates.io-index)",
 "gdk 0.12.1 (registry+https://github.com/rust-lang/crates.io-index)",
 "gdk-pixbuf 0.8.0 (registry+https://github.com/rust-lang/crates.io-index)",
 "gdk-pixbuf-sys 0.9.1 (registry+https://github.com/rust-lang/crates.io-index)",
 "gdk-sys 0.9.1 (registry+https://github.com/rust-lang/crates.io-index)",
 "gio 0.8.1 (registry+https://github.com/rust-lang/crates.io-index)",
 "gio-sys 0.9.1 (registry+https://github.com/rust-lang/crates.io-index)",
 "glib 0.9.3 (registry+https://github.com/rust-lang/crates.io-index)",
 "glib-sys 0.9.1 (registry+https://github.com/rust-lang/crates.io-index)",
 "gobject-sys 0.9.1 (registry+https://github.com/rust-lang/crates.io-index)",
 "gtk-sys 0.9.2 (registry+https://github.com/rust-lang/crates.io-index)",
 "lazy_static 1.4.0 (registry+https://github.com/rust-lang/crates.io-index)",
 "libc 0.2.40 (registry+https://github.com/rust-lang/crates.io-index)",
 "pango 0.8.0 (registry+https://github.com/rust-lang/crates.io-index)",
 "pango-sys 0.9.1 (registry+https://github.com/rust-lang/crates.io-index)",
]

[[package]]
name = "gtk-source-sys"
version = "0.9.1"
source = "registry+https://github.com/rust-lang/crates.io-index"
dependencies = [
 "bitflags 1.0.1 (registry+https://github.com/rust-lang/crates.io-index)",
 "cairo-sys-rs 0.9.2 (registry+https://github.com/rust-lang/crates.io-index)",
 "gdk-pixbuf-sys 0.9.1 (registry+https://github.com/rust-lang/crates.io-index)",
 "gdk-sys 0.9.1 (registry+https://github.com/rust-lang/crates.io-index)",
 "gio-sys 0.9.1 (registry+https://github.com/rust-lang/crates.io-index)",
 "glib-sys 0.9.1 (registry+https://github.com/rust-lang/crates.io-index)",
 "gobject-sys 0.9.1 (registry+https://github.com/rust-lang/crates.io-index)",
 "gtk-sys 0.9.2 (registry+https://github.com/rust-lang/crates.io-index)",
 "libc 0.2.40 (registry+https://github.com/rust-lang/crates.io-index)",
 "pkg-config 0.3.9 (registry+https://github.com/rust-lang/crates.io-index)",
]

[[package]]
name = "gtk-sys"
version = "0.9.2"
source = "registry+https://github.com/rust-lang/crates.io-index"
dependencies = [
 "atk-sys 0.9.1 (registry+https://github.com/rust-lang/crates.io-index)",
 "cairo-sys-rs 0.9.2 (registry+https://github.com/rust-lang/crates.io-index)",
 "gdk-pixbuf-sys 0.9.1 (registry+https://github.com/rust-lang/crates.io-index)",
 "gdk-sys 0.9.1 (registry+https://github.com/rust-lang/crates.io-index)",
 "gio-sys 0.9.1 (registry+https://github.com/rust-lang/crates.io-index)",
 "glib-sys 0.9.1 (registry+https://github.com/rust-lang/crates.io-index)",
 "gobject-sys 0.9.1 (registry+https://github.com/rust-lang/crates.io-index)",
 "libc 0.2.40 (registry+https://github.com/rust-lang/crates.io-index)",
 "pango-sys 0.9.1 (registry+https://github.com/rust-lang/crates.io-index)",
 "pkg-config 0.3.9 (registry+https://github.com/rust-lang/crates.io-index)",
]

[[package]]
name = "horrorshow"
version = "0.8.3"
source = "registry+https://github.com/rust-lang/crates.io-index"

[[package]]
name = "javascriptcore-rs"
version = "0.9.0"
source = "registry+https://github.com/rust-lang/crates.io-index"
dependencies = [
 "glib 0.9.3 (registry+https://github.com/rust-lang/crates.io-index)",
 "javascriptcore-rs-sys 0.2.0 (registry+https://github.com/rust-lang/crates.io-index)",
]

[[package]]
name = "javascriptcore-rs-sys"
version = "0.2.0"
source = "registry+https://github.com/rust-lang/crates.io-index"
dependencies = [
 "libc 0.2.40 (registry+https://github.com/rust-lang/crates.io-index)",
]

[[package]]
name = "lazy_static"
version = "1.4.0"
source = "registry+https://github.com/rust-lang/crates.io-index"

[[package]]
name = "libc"
version = "0.2.40"
source = "registry+https://github.com/rust-lang/crates.io-index"

[[package]]
name = "maplit"
version = "1.0.2"
source = "registry+https://github.com/rust-lang/crates.io-index"

[[package]]
name = "markdown-rs"
version = "0.1.0"
dependencies = [
 "comrak 0.7.0 (registry+https://github.com/rust-lang/crates.io-index)",
 "gio 0.8.1 (registry+https://github.com/rust-lang/crates.io-index)",
 "gtk 0.8.1 (registry+https://github.com/rust-lang/crates.io-index)",
 "horrorshow 0.8.3 (registry+https://github.com/rust-lang/crates.io-index)",
 "sourceview 0.8.0 (registry+https://github.com/rust-lang/crates.io-index)",
 "webkit2gtk 0.9.0 (registry+https://github.com/rust-lang/crates.io-index)",
]

[[package]]
name = "memchr"
version = "2.0.1"
source = "registry+https://github.com/rust-lang/crates.io-index"
dependencies = [
 "libc 0.2.40 (registry+https://github.com/rust-lang/crates.io-index)",
]

[[package]]
name = "opaque-debug"
version = "0.2.3"
source = "registry+https://github.com/rust-lang/crates.io-index"

[[package]]
name = "pango"
version = "0.8.0"
source = "registry+https://github.com/rust-lang/crates.io-index"
dependencies = [
 "bitflags 1.0.1 (registry+https://github.com/rust-lang/crates.io-index)",
 "glib 0.9.3 (registry+https://github.com/rust-lang/crates.io-index)",
 "glib-sys 0.9.1 (registry+https://github.com/rust-lang/crates.io-index)",
 "gobject-sys 0.9.1 (registry+https://github.com/rust-lang/crates.io-index)",
 "lazy_static 1.4.0 (registry+https://github.com/rust-lang/crates.io-index)",
 "libc 0.2.40 (registry+https://github.com/rust-lang/crates.io-index)",
 "pango-sys 0.9.1 (registry+https://github.com/rust-lang/crates.io-index)",
]

[[package]]
name = "pango-sys"
version = "0.9.1"
source = "registry+https://github.com/rust-lang/crates.io-index"
dependencies = [
 "glib-sys 0.9.1 (registry+https://github.com/rust-lang/crates.io-index)",
 "gobject-sys 0.9.1 (registry+https://github.com/rust-lang/crates.io-index)",
 "libc 0.2.40 (registry+https://github.com/rust-lang/crates.io-index)",
 "pkg-config 0.3.9 (registry+https://github.com/rust-lang/crates.io-index)",
]

[[package]]
name = "pest"
version = "2.1.3"
source = "registry+https://github.com/rust-lang/crates.io-index"
dependencies = [
 "ucd-trie 0.1.3 (registry+https://github.com/rust-lang/crates.io-index)",
]

[[package]]
name = "pest_derive"
version = "2.1.0"
source = "registry+https://github.com/rust-lang/crates.io-index"
dependencies = [
 "pest 2.1.3 (registry+https://github.com/rust-lang/crates.io-index)",
 "pest_generator 2.1.3 (registry+https://github.com/rust-lang/crates.io-index)",
]

[[package]]
name = "pest_generator"
version = "2.1.3"
source = "registry+https://github.com/rust-lang/crates.io-index"
dependencies = [
 "pest 2.1.3 (registry+https://github.com/rust-lang/crates.io-index)",
 "pest_meta 2.1.3 (registry+https://github.com/rust-lang/crates.io-index)",
 "proc-macro2 1.0.10 (registry+https://github.com/rust-lang/crates.io-index)",
 "quote 1.0.3 (registry+https://github.com/rust-lang/crates.io-index)",
 "syn 1.0.17 (registry+https://github.com/rust-lang/crates.io-index)",
]

[[package]]
name = "pest_meta"
version = "2.1.3"
source = "registry+https://github.com/rust-lang/crates.io-index"
dependencies = [
 "maplit 1.0.2 (registry+https://github.com/rust-lang/crates.io-index)",
 "pest 2.1.3 (registry+https://github.com/rust-lang/crates.io-index)",
 "sha-1 0.8.2 (registry+https://github.com/rust-lang/crates.io-index)",
]

[[package]]
name = "pin-utils"
version = "0.1.0-alpha.4"
source = "registry+https://github.com/rust-lang/crates.io-index"

[[package]]
name = "pkg-config"
version = "0.3.9"
source = "registry+https://github.com/rust-lang/crates.io-index"

[[package]]
name = "proc-macro-hack"
version = "0.5.15"
source = "registry+https://github.com/rust-lang/crates.io-index"

[[package]]
name = "proc-macro-nested"
version = "0.1.4"
source = "registry+https://github.com/rust-lang/crates.io-index"

[[package]]
name = "proc-macro2"
version = "1.0.10"
source = "registry+https://github.com/rust-lang/crates.io-index"
dependencies = [
 "unicode-xid 0.2.0 (registry+https://github.com/rust-lang/crates.io-index)",
]

[[package]]
name = "quote"
version = "1.0.3"
source = "registry+https://github.com/rust-lang/crates.io-index"
dependencies = [
 "proc-macro2 1.0.10 (registry+https://github.com/rust-lang/crates.io-index)",
]

[[package]]
name = "redox_syscall"
version = "0.1.37"
source = "registry+https://github.com/rust-lang/crates.io-index"

[[package]]
name = "redox_termios"
version = "0.1.1"
source = "registry+https://github.com/rust-lang/crates.io-index"
dependencies = [
 "redox_syscall 0.1.37 (registry+https://github.com/rust-lang/crates.io-index)",
]

[[package]]
name = "regex"
version = "1.0.3"
source = "registry+https://github.com/rust-lang/crates.io-index"
dependencies = [
 "aho-corasick 0.6.4 (registry+https://github.com/rust-lang/crates.io-index)",
 "memchr 2.0.1 (registry+https://github.com/rust-lang/crates.io-index)",
 "regex-syntax 0.6.17 (registry+https://github.com/rust-lang/crates.io-index)",
 "thread_local 0.3.6 (registry+https://github.com/rust-lang/crates.io-index)",
 "utf8-ranges 1.0.0 (registry+https://github.com/rust-lang/crates.io-index)",
]

[[package]]
name = "regex-syntax"
version = "0.6.17"
source = "registry+https://github.com/rust-lang/crates.io-index"

[[package]]
name = "sha-1"
version = "0.8.2"
source = "registry+https://github.com/rust-lang/crates.io-index"
dependencies = [
 "block-buffer 0.7.3 (registry+https://github.com/rust-lang/crates.io-index)",
 "digest 0.8.1 (registry+https://github.com/rust-lang/crates.io-index)",
 "fake-simd 0.1.2 (registry+https://github.com/rust-lang/crates.io-index)",
 "opaque-debug 0.2.3 (registry+https://github.com/rust-lang/crates.io-index)",
]

[[package]]
name = "slab"
version = "0.4.2"
source = "registry+https://github.com/rust-lang/crates.io-index"

[[package]]
name = "soup-sys"
version = "0.9.0"
source = "registry+https://github.com/rust-lang/crates.io-index"
dependencies = [
 "bitflags 1.0.1 (registry+https://github.com/rust-lang/crates.io-index)",
 "gio-sys 0.9.1 (registry+https://github.com/rust-lang/crates.io-index)",
 "glib-sys 0.9.1 (registry+https://github.com/rust-lang/crates.io-index)",
 "gobject-sys 0.9.1 (registry+https://github.com/rust-lang/crates.io-index)",
 "libc 0.2.40 (registry+https://github.com/rust-lang/crates.io-index)",
 "pkg-config 0.3.9 (registry+https://github.com/rust-lang/crates.io-index)",
]

[[package]]
name = "sourceview"
version = "0.8.0"
source = "registry+https://github.com/rust-lang/crates.io-index"
dependencies = [
 "bitflags 1.0.1 (registry+https://github.com/rust-lang/crates.io-index)",
 "cairo-rs 0.8.1 (registry+https://github.com/rust-lang/crates.io-index)",
 "fragile 0.3.0 (registry+https://github.com/rust-lang/crates.io-index)",
 "gdk 0.12.1 (registry+https://github.com/rust-lang/crates.io-index)",
 "gdk-pixbuf 0.8.0 (registry+https://github.com/rust-lang/crates.io-index)",
 "gdk-pixbuf-sys 0.9.1 (registry+https://github.com/rust-lang/crates.io-index)",
 "gdk-sys 0.9.1 (registry+https://github.com/rust-lang/crates.io-index)",
 "gio 0.8.1 (registry+https://github.com/rust-lang/crates.io-index)",
 "gio-sys 0.9.1 (registry+https://github.com/rust-lang/crates.io-index)",
 "glib 0.9.3 (registry+https://github.com/rust-lang/crates.io-index)",
 "glib-sys 0.9.1 (registry+https://github.com/rust-lang/crates.io-index)",
 "gobject-sys 0.9.1 (registry+https://github.com/rust-lang/crates.io-index)",
 "gtk 0.8.1 (registry+https://github.com/rust-lang/crates.io-index)",
 "gtk-source-sys 0.9.1 (registry+https://github.com/rust-lang/crates.io-index)",
 "gtk-sys 0.9.2 (registry+https://github.com/rust-lang/crates.io-index)",
 "libc 0.2.40 (registry+https://github.com/rust-lang/crates.io-index)",
 "pango 0.8.0 (registry+https://github.com/rust-lang/crates.io-index)",
]

[[package]]
name = "strsim"
version = "0.8.0"
source = "registry+https://github.com/rust-lang/crates.io-index"

[[package]]
name = "syn"
version = "1.0.17"
source = "registry+https://github.com/rust-lang/crates.io-index"
dependencies = [
 "proc-macro2 1.0.10 (registry+https://github.com/rust-lang/crates.io-index)",
 "quote 1.0.3 (registry+https://github.com/rust-lang/crates.io-index)",
 "unicode-xid 0.2.0 (registry+https://github.com/rust-lang/crates.io-index)",
]

[[package]]
name = "termion"
version = "1.5.1"
source = "registry+https://github.com/rust-lang/crates.io-index"
dependencies = [
 "libc 0.2.40 (registry+https://github.com/rust-lang/crates.io-index)",
 "redox_syscall 0.1.37 (registry+https://github.com/rust-lang/crates.io-index)",
 "redox_termios 0.1.1 (registry+https://github.com/rust-lang/crates.io-index)",
]

[[package]]
name = "textwrap"
version = "0.11.0"
source = "registry+https://github.com/rust-lang/crates.io-index"
dependencies = [
 "unicode-width 0.1.4 (registry+https://github.com/rust-lang/crates.io-index)",
]

[[package]]
name = "thread_local"
version = "0.3.6"
source = "registry+https://github.com/rust-lang/crates.io-index"
dependencies = [
 "lazy_static 1.4.0 (registry+https://github.com/rust-lang/crates.io-index)",
]

[[package]]
name = "twoway"
version = "0.2.1"
source = "registry+https://github.com/rust-lang/crates.io-index"
dependencies = [
 "memchr 2.0.1 (registry+https://github.com/rust-lang/crates.io-index)",
 "unchecked-index 0.2.2 (registry+https://github.com/rust-lang/crates.io-index)",
]

[[package]]
name = "typed-arena"
version = "1.7.0"
source = "registry+https://github.com/rust-lang/crates.io-index"

[[package]]
name = "typenum"
version = "1.11.2"
source = "registry+https://github.com/rust-lang/crates.io-index"

[[package]]
name = "ucd-trie"
version = "0.1.3"
source = "registry+https://github.com/rust-lang/crates.io-index"

[[package]]
name = "unchecked-index"
version = "0.2.2"
source = "registry+https://github.com/rust-lang/crates.io-index"

[[package]]
name = "unicode-width"
version = "0.1.4"
source = "registry+https://github.com/rust-lang/crates.io-index"

[[package]]
name = "unicode-xid"
version = "0.2.0"
source = "registry+https://github.com/rust-lang/crates.io-index"

[[package]]
name = "unicode_categories"
version = "0.1.1"
source = "registry+https://github.com/rust-lang/crates.io-index"

[[package]]
name = "utf8-ranges"
version = "1.0.0"
source = "registry+https://github.com/rust-lang/crates.io-index"

[[package]]
name = "vec_map"
version = "0.8.0"
source = "registry+https://github.com/rust-lang/crates.io-index"

[[package]]
name = "webkit2gtk"
version = "0.9.0"
source = "registry+https://github.com/rust-lang/crates.io-index"
dependencies = [
 "bitflags 1.0.1 (registry+https://github.com/rust-lang/crates.io-index)",
 "cairo-rs 0.8.1 (registry+https://github.com/rust-lang/crates.io-index)",
 "gdk 0.12.1 (registry+https://github.com/rust-lang/crates.io-index)",
 "gdk-sys 0.9.1 (registry+https://github.com/rust-lang/crates.io-index)",
 "gio 0.8.1 (registry+https://github.com/rust-lang/crates.io-index)",
 "gio-sys 0.9.1 (registry+https://github.com/rust-lang/crates.io-index)",
 "glib 0.9.3 (registry+https://github.com/rust-lang/crates.io-index)",
 "glib-sys 0.9.1 (registry+https://github.com/rust-lang/crates.io-index)",
 "gobject-sys 0.9.1 (registry+https://github.com/rust-lang/crates.io-index)",
 "gtk 0.8.1 (registry+https://github.com/rust-lang/crates.io-index)",
 "gtk-sys 0.9.2 (registry+https://github.com/rust-lang/crates.io-index)",
 "javascriptcore-rs 0.9.0 (registry+https://github.com/rust-lang/crates.io-index)",
 "libc 0.2.40 (registry+https://github.com/rust-lang/crates.io-index)",
 "webkit2gtk-sys 0.11.0 (registry+https://github.com/rust-lang/crates.io-index)",
]

[[package]]
name = "webkit2gtk-sys"
version = "0.11.0"
source = "registry+https://github.com/rust-lang/crates.io-index"
dependencies = [
 "atk-sys 0.9.1 (registry+https://github.com/rust-lang/crates.io-index)",
 "bitflags 1.0.1 (registry+https://github.com/rust-lang/crates.io-index)",
 "cairo-sys-rs 0.9.2 (registry+https://github.com/rust-lang/crates.io-index)",
 "gdk-pixbuf-sys 0.9.1 (registry+https://github.com/rust-lang/crates.io-index)",
 "gdk-sys 0.9.1 (registry+https://github.com/rust-lang/crates.io-index)",
 "gio-sys 0.9.1 (registry+https://github.com/rust-lang/crates.io-index)",
 "glib-sys 0.9.1 (registry+https://github.com/rust-lang/crates.io-index)",
 "gobject-sys 0.9.1 (registry+https://github.com/rust-lang/crates.io-index)",
 "gtk-sys 0.9.2 (registry+https://github.com/rust-lang/crates.io-index)",
 "javascriptcore-rs-sys 0.2.0 (registry+https://github.com/rust-lang/crates.io-index)",
 "libc 0.2.40 (registry+https://github.com/rust-lang/crates.io-index)",
 "pango-sys 0.9.1 (registry+https://github.com/rust-lang/crates.io-index)",
 "pkg-config 0.3.9 (registry+https://github.com/rust-lang/crates.io-index)",
 "soup-sys 0.9.0 (registry+https://github.com/rust-lang/crates.io-index)",
]

[[package]]
name = "winapi"
version = "0.3.4"
source = "registry+https://github.com/rust-lang/crates.io-index"
dependencies = [
 "winapi-i686-pc-windows-gnu 0.4.0 (registry+https://github.com/rust-lang/crates.io-index)",
 "winapi-x86_64-pc-windows-gnu 0.4.0 (registry+https://github.com/rust-lang/crates.io-index)",
]

[[package]]
name = "winapi-i686-pc-windows-gnu"
version = "0.4.0"
source = "registry+https://github.com/rust-lang/crates.io-index"

[[package]]
name = "winapi-x86_64-pc-windows-gnu"
version = "0.4.0"
source = "registry+https://github.com/rust-lang/crates.io-index"

[metadata]
"checksum aho-corasick 0.6.4 (registry+https://github.com/rust-lang/crates.io-index)" = "d6531d44de723825aa81398a6415283229725a00fa30713812ab9323faa82fc4"
"checksum ansi_term 0.11.0 (registry+https://github.com/rust-lang/crates.io-index)" = "ee49baf6cb617b853aa8d93bf420db2383fab46d314482ca2803b40d5fde979b"
"checksum atk 0.8.0 (registry+https://github.com/rust-lang/crates.io-index)" = "444daefa55f229af145ea58d77efd23725024ee1f6f3102743709aa6b18c663e"
"checksum atk-sys 0.9.1 (registry+https://github.com/rust-lang/crates.io-index)" = "e552c1776737a4c80110d06b36d099f47c727335f9aaa5d942a72b6863a8ec6f"
"checksum atty 0.2.8 (registry+https://github.com/rust-lang/crates.io-index)" = "af80143d6f7608d746df1520709e5d141c96f240b0e62b0aa41bdfb53374d9d4"
"checksum bitflags 1.0.1 (registry+https://github.com/rust-lang/crates.io-index)" = "b3c30d3802dfb7281680d6285f2ccdaa8c2d8fee41f93805dba5c4cf50dc23cf"
"checksum block-buffer 0.7.3 (registry+https://github.com/rust-lang/crates.io-index)" = "c0940dc441f31689269e10ac70eb1002a3a1d3ad1390e030043662eb7fe4688b"
"checksum block-padding 0.1.5 (registry+https://github.com/rust-lang/crates.io-index)" = "fa79dedbb091f449f1f39e53edf88d5dbe95f895dae6135a8d7b881fb5af73f5"
"checksum byte-tools 0.3.1 (registry+https://github.com/rust-lang/crates.io-index)" = "e3b5ca7a04898ad4bcd41c90c5285445ff5b791899bb1b0abdd2a2aa791211d7"
"checksum byteorder 1.3.4 (registry+https://github.com/rust-lang/crates.io-index)" = "08c48aae112d48ed9f069b33538ea9e3e90aa263cfa3d1c24309612b1f7472de"
"checksum cairo-rs 0.8.1 (registry+https://github.com/rust-lang/crates.io-index)" = "157049ba9618aa3a61c39d5d785102c04d3b1f40632a706c621a9aedc21e6084"
"checksum cairo-sys-rs 0.9.2 (registry+https://github.com/rust-lang/crates.io-index)" = "ff65ba02cac715be836f63429ab00a767d48336efc5497c5637afb53b4f14d63"
"checksum cc 1.0.50 (registry+https://github.com/rust-lang/crates.io-index)" = "95e28fa049fda1c330bcf9d723be7663a899c4679724b34c81e9f5a326aab8cd"
"checksum clap 2.33.0 (registry+https://github.com/rust-lang/crates.io-index)" = "5067f5bb2d80ef5d68b4c87db81601f0b75bca627bc2ef76b141d7b846a3c6d9"
"checksum comrak 0.7.0 (registry+https://github.com/rust-lang/crates.io-index)" = "e17058cc536cf290563e88787d7b9e6030ce4742943017cc2ffb71f88034021c"
"checksum digest 0.8.1 (registry+https://github.com/rust-lang/crates.io-index)" = "f3d0c8c8752312f9713efd397ff63acb9f85585afbf179282e720e7704954dd5"
"checksum entities 1.0.1 (registry+https://github.com/rust-lang/crates.io-index)" = "b5320ae4c3782150d900b79807611a59a99fc9a1d61d686faafc24b93fc8d7ca"
"checksum fake-simd 0.1.2 (registry+https://github.com/rust-lang/crates.io-index)" = "e88a8acf291dafb59c2d96e8f59828f3838bb1a70398823ade51a84de6a6deed"
"checksum fragile 0.3.0 (registry+https://github.com/rust-lang/crates.io-index)" = "05f8140122fa0d5dcb9fc8627cfce2b37cc1500f752636d46ea28bc26785c2f9"
"checksum futures-channel 0.3.4 (registry+https://github.com/rust-lang/crates.io-index)" = "f0c77d04ce8edd9cb903932b608268b3fffec4163dc053b3b402bf47eac1f1a8"
"checksum futures-core 0.3.4 (registry+https://github.com/rust-lang/crates.io-index)" = "f25592f769825e89b92358db00d26f965761e094951ac44d3663ef25b7ac464a"
"checksum futures-executor 0.3.4 (registry+https://github.com/rust-lang/crates.io-index)" = "f674f3e1bcb15b37284a90cedf55afdba482ab061c407a9c0ebbd0f3109741ba"
"checksum futures-io 0.3.4 (registry+https://github.com/rust-lang/crates.io-index)" = "a638959aa96152c7a4cddf50fcb1e3fede0583b27157c26e67d6f99904090dc6"
"checksum futures-macro 0.3.4 (registry+https://github.com/rust-lang/crates.io-index)" = "9a5081aa3de1f7542a794a397cde100ed903b0630152d0973479018fd85423a7"
"checksum futures-task 0.3.4 (registry+https://github.com/rust-lang/crates.io-index)" = "7b0a34e53cf6cdcd0178aa573aed466b646eb3db769570841fda0c7ede375a27"
"checksum futures-util 0.3.4 (registry+https://github.com/rust-lang/crates.io-index)" = "22766cf25d64306bedf0384da004d05c9974ab104fcc4528f1236181c18004c5"
"checksum gdk 0.12.1 (registry+https://github.com/rust-lang/crates.io-index)" = "fbe5e8772fc0865c52460cdd7a59d7d47700f44d9809d1dd00eecceb769a7589"
"checksum gdk-pixbuf 0.8.0 (registry+https://github.com/rust-lang/crates.io-index)" = "e248220c46b329b097d4b158d2717f8c688f16dd76d0399ace82b3e98062bdd7"
"checksum gdk-pixbuf-sys 0.9.1 (registry+https://github.com/rust-lang/crates.io-index)" = "d8991b060a9e9161bafd09bf4a202e6fd404f5b4dd1a08d53a1e84256fb34ab0"
"checksum gdk-sys 0.9.1 (registry+https://github.com/rust-lang/crates.io-index)" = "6adf679e91d1bff0c06860287f80403e7db54c2d2424dce0a470023b56c88fbb"
"checksum generic-array 0.12.3 (registry+https://github.com/rust-lang/crates.io-index)" = "c68f0274ae0e023facc3c97b2e00f076be70e254bc851d972503b328db79b2ec"
"checksum gio 0.8.1 (registry+https://github.com/rust-lang/crates.io-index)" = "0cd10f9415cce39b53f8024bf39a21f84f8157afa52da53837b102e585a296a5"
"checksum gio-sys 0.9.1 (registry+https://github.com/rust-lang/crates.io-index)" = "4fad225242b9eae7ec8a063bb86974aca56885014672375e5775dc0ea3533911"
"checksum glib 0.9.3 (registry+https://github.com/rust-lang/crates.io-index)" = "40fb573a09841b6386ddf15fd4bc6655b4f5b106ca962f57ecaecde32a0061c0"
"checksum glib-sys 0.9.1 (registry+https://github.com/rust-lang/crates.io-index)" = "95856f3802f446c05feffa5e24859fe6a183a7cb849c8449afc35c86b1e316e2"
"checksum gobject-sys 0.9.1 (registry+https://github.com/rust-lang/crates.io-index)" = "31d1a804f62034eccf370006ccaef3708a71c31d561fee88564abe71177553d9"
"checksum gtk 0.8.1 (registry+https://github.com/rust-lang/crates.io-index)" = "87e1e8d70290239c668594002d1b174fcc7d7ef5d26670ee141490ede8facf8f"
"checksum gtk-source-sys 0.9.1 (registry+https://github.com/rust-lang/crates.io-index)" = "95df29d34a27610e0024e632dc6eb1470190cf70eaf586d2cbb626430100b7ce"
"checksum gtk-sys 0.9.2 (registry+https://github.com/rust-lang/crates.io-index)" = "53def660c7b48b00b510c81ef2d2fbd3c570f1527081d8d7947f471513e1a4c1"
"checksum horrorshow 0.8.3 (registry+https://github.com/rust-lang/crates.io-index)" = "87ce7e0a1bc8e4489896abc94e5664e811a502a151bebfe113b3214fa181d3fb"
"checksum javascriptcore-rs 0.9.0 (registry+https://github.com/rust-lang/crates.io-index)" = "2104be353e5c19d587e25f36ecb6d59504b5573ad84b96b06650b0cc99d02784"
"checksum javascriptcore-rs-sys 0.2.0 (registry+https://github.com/rust-lang/crates.io-index)" = "3f46ada8a08dcd75a10afae872fbfb51275df4a8ae0d46b8cc7c708f08dd2998"
"checksum lazy_static 1.4.0 (registry+https://github.com/rust-lang/crates.io-index)" = "e2abad23fbc42b3700f2f279844dc832adb2b2eb069b2df918f455c4e18cc646"
"checksum libc 0.2.40 (registry+https://github.com/rust-lang/crates.io-index)" = "6fd41f331ac7c5b8ac259b8bf82c75c0fb2e469bbf37d2becbba9a6a2221965b"
"checksum maplit 1.0.2 (registry+https://github.com/rust-lang/crates.io-index)" = "3e2e65a1a2e43cfcb47a895c4c8b10d1f4a61097f9f254f183aee60cad9c651d"
"checksum memchr 2.0.1 (registry+https://github.com/rust-lang/crates.io-index)" = "796fba70e76612589ed2ce7f45282f5af869e0fdd7cc6199fa1aa1f1d591ba9d"
"checksum opaque-debug 0.2.3 (registry+https://github.com/rust-lang/crates.io-index)" = "2839e79665f131bdb5782e51f2c6c9599c133c6098982a54c794358bf432529c"
"checksum pango 0.8.0 (registry+https://github.com/rust-lang/crates.io-index)" = "1e9c6b728f1be8edb5f9f981420b651d5ea30bdb9de89f1f1262d0084a020577"
"checksum pango-sys 0.9.1 (registry+https://github.com/rust-lang/crates.io-index)" = "86b93d84907b3cf0819bff8f13598ba72843bee579d5ebc2502e4b0367b4be7d"
"checksum pest 2.1.3 (registry+https://github.com/rust-lang/crates.io-index)" = "10f4872ae94d7b90ae48754df22fd42ad52ce740b8f370b03da4835417403e53"
"checksum pest_derive 2.1.0 (registry+https://github.com/rust-lang/crates.io-index)" = "833d1ae558dc601e9a60366421196a8d94bc0ac980476d0b67e1d0988d72b2d0"
"checksum pest_generator 2.1.3 (registry+https://github.com/rust-lang/crates.io-index)" = "99b8db626e31e5b81787b9783425769681b347011cc59471e33ea46d2ea0cf55"
"checksum pest_meta 2.1.3 (registry+https://github.com/rust-lang/crates.io-index)" = "54be6e404f5317079812fc8f9f5279de376d8856929e21c184ecf6bbd692a11d"
"checksum pin-utils 0.1.0-alpha.4 (registry+https://github.com/rust-lang/crates.io-index)" = "5894c618ce612a3fa23881b152b608bafb8c56cfc22f434a3ba3120b40f7b587"
"checksum pkg-config 0.3.9 (registry+https://github.com/rust-lang/crates.io-index)" = "3a8b4c6b8165cd1a1cd4b9b120978131389f64bdaf456435caa41e630edba903"
"checksum proc-macro-hack 0.5.15 (registry+https://github.com/rust-lang/crates.io-index)" = "0d659fe7c6d27f25e9d80a1a094c223f5246f6a6596453e09d7229bf42750b63"
"checksum proc-macro-nested 0.1.4 (registry+https://github.com/rust-lang/crates.io-index)" = "8e946095f9d3ed29ec38de908c22f95d9ac008e424c7bcae54c75a79c527c694"
"checksum proc-macro2 1.0.10 (registry+https://github.com/rust-lang/crates.io-index)" = "df246d292ff63439fea9bc8c0a270bed0e390d5ebd4db4ba15aba81111b5abe3"
"checksum quote 1.0.3 (registry+https://github.com/rust-lang/crates.io-index)" = "2bdc6c187c65bca4260c9011c9e3132efe4909da44726bad24cf7572ae338d7f"
"checksum redox_syscall 0.1.37 (registry+https://github.com/rust-lang/crates.io-index)" = "0d92eecebad22b767915e4d529f89f28ee96dbbf5a4810d2b844373f136417fd"
"checksum redox_termios 0.1.1 (registry+https://github.com/rust-lang/crates.io-index)" = "7e891cfe48e9100a70a3b6eb652fef28920c117d366339687bd5576160db0f76"
"checksum regex 1.0.3 (registry+https://github.com/rust-lang/crates.io-index)" = "3d8c9f33201f46669484bacc312b00e7541bed6aaf296dffe2bb4e0ac6b8ce2a"
"checksum regex-syntax 0.6.17 (registry+https://github.com/rust-lang/crates.io-index)" = "7fe5bd57d1d7414c6b5ed48563a2c855d995ff777729dcd91c369ec7fea395ae"
"checksum sha-1 0.8.2 (registry+https://github.com/rust-lang/crates.io-index)" = "f7d94d0bede923b3cea61f3f1ff57ff8cdfd77b400fb8f9998949e0cf04163df"
"checksum slab 0.4.2 (registry+https://github.com/rust-lang/crates.io-index)" = "c111b5bd5695e56cffe5129854aa230b39c93a305372fdbb2668ca2394eea9f8"
"checksum soup-sys 0.9.0 (registry+https://github.com/rust-lang/crates.io-index)" = "48a2f246b51c81d4baa1ce611240c2f6e0323ae75f3b6cc9d2d2911e0567962c"
"checksum sourceview 0.8.0 (registry+https://github.com/rust-lang/crates.io-index)" = "943e03b1e31faa1874acb2c33c39ce202996265f8f51c57ed75f6c2e23e4d959"
"checksum strsim 0.8.0 (registry+https://github.com/rust-lang/crates.io-index)" = "8ea5119cdb4c55b55d432abb513a0429384878c15dde60cc77b1c99de1a95a6a"
"checksum syn 1.0.17 (registry+https://github.com/rust-lang/crates.io-index)" = "0df0eb663f387145cab623dea85b09c2c5b4b0aef44e945d928e682fce71bb03"
"checksum termion 1.5.1 (registry+https://github.com/rust-lang/crates.io-index)" = "689a3bdfaab439fd92bc87df5c4c78417d3cbe537487274e9b0b2dce76e92096"
"checksum textwrap 0.11.0 (registry+https://github.com/rust-lang/crates.io-index)" = "d326610f408c7a4eb6f51c37c330e496b08506c9457c9d34287ecc38809fb060"
"checksum thread_local 0.3.6 (registry+https://github.com/rust-lang/crates.io-index)" = "c6b53e329000edc2b34dbe8545fd20e55a333362d0a321909685a19bd28c3f1b"
"checksum twoway 0.2.1 (registry+https://github.com/rust-lang/crates.io-index)" = "6b40075910de3a912adbd80b5d8bad6ad10a23eeb1f5bf9d4006839e899ba5bc"
"checksum typed-arena 1.7.0 (registry+https://github.com/rust-lang/crates.io-index)" = "a9b2228007eba4120145f785df0f6c92ea538f5a3635a612ecf4e334c8c1446d"
"checksum typenum 1.11.2 (registry+https://github.com/rust-lang/crates.io-index)" = "6d2783fe2d6b8c1101136184eb41be8b1ad379e4657050b8aaff0c79ee7575f9"
"checksum ucd-trie 0.1.3 (registry+https://github.com/rust-lang/crates.io-index)" = "56dee185309b50d1f11bfedef0fe6d036842e3fb77413abef29f8f8d1c5d4c1c"
"checksum unchecked-index 0.2.2 (registry+https://github.com/rust-lang/crates.io-index)" = "eeba86d422ce181a719445e51872fa30f1f7413b62becb52e95ec91aa262d85c"
"checksum unicode-width 0.1.4 (registry+https://github.com/rust-lang/crates.io-index)" = "bf3a113775714a22dcb774d8ea3655c53a32debae63a063acc00a91cc586245f"
"checksum unicode-xid 0.2.0 (registry+https://github.com/rust-lang/crates.io-index)" = "826e7639553986605ec5979c7dd957c7895e93eabed50ab2ffa7f6128a75097c"
"checksum unicode_categories 0.1.1 (registry+https://github.com/rust-lang/crates.io-index)" = "39ec24b3121d976906ece63c9daad25b85969647682eee313cb5779fdd69e14e"
"checksum utf8-ranges 1.0.0 (registry+https://github.com/rust-lang/crates.io-index)" = "662fab6525a98beff2921d7f61a39e7d59e0b425ebc7d0d9e66d316e55124122"
"checksum vec_map 0.8.0 (registry+https://github.com/rust-lang/crates.io-index)" = "887b5b631c2ad01628bbbaa7dd4c869f80d3186688f8d0b6f58774fbe324988c"
"checksum webkit2gtk 0.9.0 (registry+https://github.com/rust-lang/crates.io-index)" = "d88f8ec7f54b941a98b8921a27b0965347005ec4177737e5015f2b1c5baee794"
"checksum webkit2gtk-sys 0.11.0 (registry+https://github.com/rust-lang/crates.io-index)" = "7ed60661b81f0cc92f3c2043d83262e3a1ac253b08a616550a9fc008ae28c185"
"checksum winapi 0.3.4 (registry+https://github.com/rust-lang/crates.io-index)" = "04e3bd221fcbe8a271359c04f21a76db7d0c6028862d1bb5512d85e1e2eb5bb3"
"checksum winapi-i686-pc-windows-gnu 0.4.0 (registry+https://github.com/rust-lang/crates.io-index)" = "ac3b87c63620426dd9b991e5ce0329eff545bccbbb34f3be09ff6fb6ab51b7b6"
"checksum winapi-x86_64-pc-windows-gnu 0.4.0 (registry+https://github.com/rust-lang/crates.io-index)" = "712e227841d057c1ee1cd2fb22fa7e5a5461ae8e48fa2ca79ec42cfc1931183f"
